
Microsoft Visual Studio Solution File, Format Version 12.00
# Visual Studio Version 16
VisualStudioVersion = 16.0.31424.327
MinimumVisualStudioVersion = 10.0.40219.1
Project("{FAE04EC0-301F-11D3-BF4B-00C04F79EFBC}") = "ConsoleApp1", "ConsoleApp1\ConsoleApp1.csproj", "{6A8DF1F8-7352-43F3-B5D5-410F5CE381ED}"
EndProject
Project("{FAE04EC0-301F-11D3-BF4B-00C04F79EFBC}") = "TestProject1", "TestProject1\TestProject1.csproj", "{81CE9C6D-980A-4C26-839C-D7194AF6A5FD}"
EndProject
Global
	GlobalSection(SolutionConfigurationPlatforms) = preSolution
		Debug|Any CPU = Debug|Any CPU
		Release|Any CPU = Release|Any CPU
	EndGlobalSection
	GlobalSection(ProjectConfigurationPlatforms) = postSolution
		{6A8DF1F8-7352-43F3-B5D5-410F5CE381ED}.Debug|Any CPU.ActiveCfg = Debug|Any CPU
		{6A8DF1F8-7352-43F3-B5D5-410F5CE381ED}.Debug|Any CPU.Build.0 = Debug|Any CPU
		{6A8DF1F8-7352-43F3-B5D5-410F5CE381ED}.Release|Any CPU.ActiveCfg = Release|Any CPU
		{6A8DF1F8-7352-43F3-B5D5-410F5CE381ED}.Release|Any CPU.Build.0 = Release|Any CPU
		{81CE9C6D-980A-4C26-839C-D7194AF6A5FD}.Debug|Any CPU.ActiveCfg = Debug|Any CPU
		{81CE9C6D-980A-4C26-839C-D7194AF6A5FD}.Debug|Any CPU.Build.0 = Debug|Any CPU
		{81CE9C6D-980A-4C26-839C-D7194AF6A5FD}.Release|Any CPU.ActiveCfg = Release|Any CPU
		{81CE9C6D-980A-4C26-839C-D7194AF6A5FD}.Release|Any CPU.Build.0 = Release|Any CPU
	EndGlobalSection
	GlobalSection(SolutionProperties) = preSolution
		HideSolutionNode = FALSE
	EndGlobalSection
	GlobalSection(ExtensibilityGlobals) = postSolution
		SolutionGuid = {E207D9AF-A451-43FD-AD66-D95E143718D2}
	EndGlobalSection
EndGlobal
